
Microsoft Visual Studio Solution File, Format Version 12.00
# Visual Studio Version 16
VisualStudioVersion = 16.0.31911.196
MinimumVisualStudioVersion = 10.0.40219.1
Project("{FAE04EC0-301F-11D3-BF4B-00C04F79EFBC}") = "GenericListsDemo", "GenericListsDemo\GenericListsDemo.csproj", "{8FB85C15-679B-408A-AAD5-A7E7794539F5}"
EndProject
Global
	GlobalSection(SolutionConfigurationPlatforms) = preSolution
		Debug|Any CPU = Debug|Any CPU
		Release|Any CPU = Release|Any CPU
	EndGlobalSection
	GlobalSection(ProjectConfigurationPlatforms) = postSolution
		{8FB85C15-679B-408A-AAD5-A7E7794539F5}.Debug|Any CPU.ActiveCfg = Debug|Any CPU
		{8FB85C15-679B-408A-AAD5-A7E7794539F5}.Debug|Any CPU.Build.0 = Debug|Any CPU
		{8FB85C15-679B-408A-AAD5-A7E7794539F5}.Release|Any CPU.ActiveCfg = Release|Any CPU
		{8FB85C15-679B-408A-AAD5-A7E7794539F5}.Release|Any CPU.Build.0 = Release|Any CPU
	EndGlobalSection
	GlobalSection(SolutionProperties) = preSolution
		HideSolutionNode = FALSE
	EndGlobalSection
	GlobalSection(ExtensibilityGlobals) = postSolution
		SolutionGuid = {27A77A0F-172F-4037-BBBC-68B195F0B33A}
	EndGlobalSection
EndGlobal
